{
  "name": "video-analysis-agent",
  "version": "1.0.0",
  "lockfileVersion": 3,
  "requires": true,
  "packages": {
    "": {
      "name": "video-analysis-agent",
      "version": "1.0.0",
      "license": "ISC",
      "dependencies": {
        "@xstate/store": "^3.6.2",
        "xstate": "^5.19.4"
      }
    },
    "node_modules/@xstate/store": {
      "version": "3.6.2",
      "resolved": "https://registry.npmjs.org/@xstate/store/-/store-3.6.2.tgz",
      "integrity": "sha512-jsaQC+zluanhqWr/Y3KGxfM4tTbfQCGRQ6AxF+hTAZ+YwVRExk7T2ovHzgok1D1w/r4lV/uUrn7zSt2k3vMyNA==",
      "license": "MIT",
      "peerDependencies": {
        "react": "^18.2.0 || ^19.0.0",
        "solid-js": "^1.7.6"
      },
      "peerDependenciesMeta": {
        "react": {
          "optional": true
        },
        "solid-js": {
          "optional": true
        }
      }
    },
    "node_modules/xstate": {
      "version": "5.19.4",
      "resolved": "https://registry.npmjs.org/xstate/-/xstate-5.19.4.tgz",
      "integrity": "sha512-h1UMSYOB564NXqAI+VpXrxwaBdOJUh6LOStooQ+Rn/+gqJWtGBfjZn265BwFI8Mp4ZoOyoLDNf8X1yp3faBUZQ==",
      "license": "MIT",
      "funding": {
        "type": "opencollective",
        "url": "https://opencollective.com/xstate"
      }
    }
  }
}
